# @generated - this file is auto-generated by `mise lock` https://mise.jdx.dev/dev-tools/mise-lock.html

lockfile_version = 3

[[tools."github:F1bonacc1/process-compose"]]
version = "1.122.0"
backend = "github:F1bonacc1/process-compose"
specifiers = ["1.122.0"]

[tools."github:F1bonacc1/process-compose"."platforms.linux-arm64"]
checksum = "sha256:52fa7d5a2d5e0db470faec5976204fc215ed7e3d13689e930cf522becfb63778"
url = "https://github.com/F1bonacc1/process-compose/releases/download/v1.122.0/process-compose_linux_arm64.tar.gz"
url_api = "https://api.github.com/repos/F1bonacc1/process-compose/releases/assets/518622328"

[tools."github:F1bonacc1/process-compose"."platforms.linux-x64"]
checksum = "sha256:9b6dbc38324c0b0481f1cd1dd828ffdc78117129ec797678f4bf8c4023311281"
url = "https://github.com/F1bonacc1/process-compose/releases/download/v1.122.0/process-compose_linux_amd64.tar.gz"
url_api = "https://api.github.com/repos/F1bonacc1/process-compose/releases/assets/518622317"

[tools."github:F1bonacc1/process-compose"."platforms.macos-arm64"]
checksum = "sha256:eaa1238a1d6c300e928ef855d36a3d95aab8da64997104d74ea73d91d3cb6c60"
url = "https://github.com/F1bonacc1/process-compose/releases/download/v1.122.0/process-compose_darwin_arm64.tar.gz"
url_api = "https://api.github.com/repos/F1bonacc1/process-compose/releases/assets/518622315"

[tools."github:F1bonacc1/process-compose"."platforms.macos-x64"]
checksum = "sha256:b4f76e881759e13f7913a5b2fed16a0e75275c04d3a61e656d40448921f1c3ec"
url = "https://github.com/F1bonacc1/process-compose/releases/download/v1.122.0/process-compose_darwin_amd64.tar.gz"
url_api = "https://api.github.com/repos/F1bonacc1/process-compose/releases/assets/518622318"

[tools."github:F1bonacc1/process-compose"."platforms.windows-x64"]
checksum = "sha256:13fd7023199c7375c26477f11f213fde826e932d831f7dd51a5c229fbee3bf79"
url = "https://github.com/F1bonacc1/process-compose/releases/download/v1.122.0/process-compose_windows_amd64.zip"
url_api = "https://api.github.com/repos/F1bonacc1/process-compose/releases/assets/518622326"

[[tools."github:WebAssembly/binaryen"]]
version = "ersion_129"
backend = "github:WebAssembly/binaryen"
specifiers = ["version_129"]

[tools."github:WebAssembly/binaryen"."platforms.linux-arm64"]
checksum = "sha256:81d46b86b10876ab615eec67e09fcc5615115a7b189cfe3d466725ee36c46ac2"
url = "https://github.com/WebAssembly/binaryen/releases/download/version_129/binaryen-version_129-aarch64-linux.tar.gz"
url_api = "https://api.github.com/repos/WebAssembly/binaryen/releases/assets/386341715"

[tools."github:WebAssembly/binaryen"."platforms.linux-x64"]
checksum = "sha256:50b9fa62b9abea752da92ec57e0c555fee578760cd237c40107957715d2976ba"
url = "https://github.com/WebAssembly/binaryen/releases/download/version_129/binaryen-version_129-x86_64-linux.tar.gz"
url_api = "https://api.github.com/repos/WebAssembly/binaryen/releases/assets/386339206"

[tools."github:WebAssembly/binaryen"."platforms.macos-arm64"]
checksum = "sha256:d1bb014775ca3002506712b81b4406d126ff6845e8b2f343bc2696a1a88b7117"
url = "https://github.com/WebAssembly/binaryen/releases/download/version_129/binaryen-version_129-arm64-macos.tar.gz"
url_api = "https://api.github.com/repos/WebAssembly/binaryen/releases/assets/386337538"

[tools."github:WebAssembly/binaryen"."platforms.macos-x64"]
checksum = "sha256:cc38897d3d93c968f24819fae210e04afd0146d0e2467e307207ea7e798a59b9"
url = "https://github.com/WebAssembly/binaryen/releases/download/version_129/binaryen-version_129-x86_64-macos.tar.gz"
url_api = "https://api.github.com/repos/WebAssembly/binaryen/releases/assets/386337535"

[tools."github:WebAssembly/binaryen"."platforms.windows-x64"]
checksum = "sha256:1405d2f51377859ccf5fcd2c59c0a8c5756373e691ca0eeb5219f646b743e3aa"
url = "https://github.com/WebAssembly/binaryen/releases/download/version_129/binaryen-version_129-x86_64-windows.tar.gz"
url_api = "https://api.github.com/repos/WebAssembly/binaryen/releases/assets/386340704"

[[tools."github:cargo-bins/cargo-binstall"]]
version = "1.12.5"
backend = "github:cargo-bins/cargo-binstall"
specifiers = ["1.12.5"]

[tools."github:cargo-bins/cargo-binstall"."platforms.linux-arm64"]
url = "https://github.com/cargo-bins/cargo-binstall/releases/download/v1.12.5/cargo-binstall-aarch64-unknown-linux-gnu.tgz"
url_api = "https://api.github.com/repos/cargo-bins/cargo-binstall/releases/assets/255286832"

[tools."github:cargo-bins/cargo-binstall"."platforms.linux-x64"]
url = "https://github.com/cargo-bins/cargo-binstall/releases/download/v1.12.5/cargo-binstall-x86_64-unknown-linux-gnu.tgz"
url_api = "https://api.github.com/repos/cargo-bins/cargo-binstall/releases/assets/255287326"

[tools."github:cargo-bins/cargo-binstall"."platforms.macos-arm64"]
url = "https://github.com/cargo-bins/cargo-binstall/releases/download/v1.12.5/cargo-binstall-aarch64-apple-darwin.zip"
url_api = "https://api.github.com/repos/cargo-bins/cargo-binstall/releases/assets/255287727"

[tools."github:cargo-bins/cargo-binstall"."platforms.macos-x64"]
url = "https://github.com/cargo-bins/cargo-binstall/releases/download/v1.12.5/cargo-binstall-x86_64-apple-darwin.zip"
url_api = "https://api.github.com/repos/cargo-bins/cargo-binstall/releases/assets/255287167"

[tools."github:cargo-bins/cargo-binstall"."platforms.windows-x64"]
url = "https://github.com/cargo-bins/cargo-binstall/releases/download/v1.12.5/cargo-binstall-x86_64-pc-windows-msvc.zip"
url_api = "https://api.github.com/repos/cargo-bins/cargo-binstall/releases/assets/255288000"

[[tools."github:docker/compose"]]
version = "2.33.1"
backend = "github:docker/compose"
specifiers = ["2.33.1"]

[tools."github:docker/compose"."platforms.linux-arm64"]
checksum = "sha256:fa0e077510c852237b0da426d0daf6853446e7760145ce7665ec401892a4d0de"
url = "https://github.com/docker/compose/releases/download/v2.33.1/docker-compose-linux-aarch64"
url_api = "https://api.github.com/repos/docker/compose/releases/assets/231315429"

[tools."github:docker/compose"."platforms.linux-x64"]
checksum = "sha256:3efda1ad6caed49dedd5644cadbf7e0c9cc3d74d8844ca5237b6a43ac1ef1a46"
url = "https://github.com/docker/compose/releases/download/v2.33.1/docker-compose-linux-x86_64"
url_api = "https://api.github.com/repos/docker/compose/releases/assets/231315500"

[tools."github:docker/compose"."platforms.macos-arm64"]
checksum = "sha256:0577710624554abe3c357be069205321751f8d429d75f93de993be0de2e27107"
url = "https://github.com/docker/compose/releases/download/v2.33.1/docker-compose-darwin-aarch64"
url_api = "https://api.github.com/repos/docker/compose/releases/assets/231315382"

[tools."github:docker/compose"."platforms.macos-x64"]
checksum = "sha256:17c05c6a42cab2302efed50e837aac099a52b10f9fc90dab04929496449b22ef"
url = "https://github.com/docker/compose/releases/download/v2.33.1/docker-compose-darwin-x86_64"
url_api = "https://api.github.com/repos/docker/compose/releases/assets/231315409"

[tools."github:docker/compose"."platforms.windows-x64"]
checksum = "sha256:01bce3456228d8e1e4b0ba056f4b9730b7fd2c1a7113c8a985144c0fdee797b0"
url = "https://github.com/docker/compose/releases/download/v2.33.1/docker-compose-windows-x86_64.exe"
url_api = "https://api.github.com/repos/docker/compose/releases/assets/231315544"

[[tools."github:google/flatbuffers"]]
version = "25.2.10"
backend = "github:google/flatbuffers"
specifiers = ["25.2.10"]

[tools."github:google/flatbuffers".options]
matching = "clang"

[tools."github:google/flatbuffers"."platforms.linux-arm64"]
url = "https://github.com/google/flatbuffers/releases/download/v25.2.10/Linux.flatc.binary.clang%2B%2B-18.zip"
url_api = "https://api.github.com/repos/google/flatbuffers/releases/assets/228082668"

[tools."github:google/flatbuffers"."platforms.linux-x64"]
url = "https://github.com/google/flatbuffers/releases/download/v25.2.10/Linux.flatc.binary.clang%2B%2B-18.zip"
url_api = "https://api.github.com/repos/google/flatbuffers/releases/assets/228082668"

[[tools."github:google/flatbuffers"]]
version = "25.2.10"
backend = "github:google/flatbuffers"

[tools."github:google/flatbuffers".options]
asset_pattern = "Windows.flatc.binary.zip"
matching = "clang"

[tools."github:google/flatbuffers"."platforms.windows-x64"]
url = "https://github.com/google/flatbuffers/releases/download/v25.2.10/Windows.flatc.binary.zip"
url_api = "https://api.github.com/repos/google/flatbuffers/releases/assets/228083068"

[[tools."github:google/flatbuffers"]]
version = "25.2.10"
backend = "github:google/flatbuffers"

[tools."github:google/flatbuffers".options]
asset_pattern = "Mac.flatc.binary.zip"
matching = "clang"

[tools."github:google/flatbuffers"."platforms.macos-arm64"]
url = "https://github.com/google/flatbuffers/releases/download/v25.2.10/Mac.flatc.binary.zip"
url_api = "https://api.github.com/repos/google/flatbuffers/releases/assets/228082524"

[[tools."github:google/flatbuffers"]]
version = "25.2.10"
backend = "github:google/flatbuffers"

[tools."github:google/flatbuffers".options]
asset_pattern = "MacIntel.flatc.binary.zip"
matching = "clang"

[tools."github:google/flatbuffers"."platforms.macos-x64"]
url = "https://github.com/google/flatbuffers/releases/download/v25.2.10/MacIntel.flatc.binary.zip"
url_api = "https://api.github.com/repos/google/flatbuffers/releases/assets/228082633"

[[tools."github:llvm/llvm-project"]]
version = "llvmorg-19.1.7"
backend = "github:llvm/llvm-project"
specifiers = ["llvmorg-19.1.7"]

[tools."github:llvm/llvm-project".options]
matching = "LLVM-"

[tools."github:llvm/llvm-project"."platforms.linux-x64"]
url = "https://github.com/llvm/llvm-project/releases/download/llvmorg-19.1.7/LLVM-19.1.7-Linux-X64.tar.xz"
url_api = "https://api.github.com/repos/llvm/llvm-project/releases/assets/220539018"

[tools."github:llvm/llvm-project"."platforms.macos-arm64"]
url = "https://github.com/llvm/llvm-project/releases/download/llvmorg-19.1.7/LLVM-19.1.7-macOS-ARM64.tar.xz"
url_api = "https://api.github.com/repos/llvm/llvm-project/releases/assets/220545660"

[tools."github:llvm/llvm-project"."platforms.macos-x64"]
url = "https://github.com/llvm/llvm-project/releases/download/llvmorg-19.1.7/LLVM-19.1.7-macOS-X64.tar.xz"
url_api = "https://api.github.com/repos/llvm/llvm-project/releases/assets/220618754"

[tools."github:llvm/llvm-project"."platforms.windows-x64"]
url = "https://github.com/llvm/llvm-project/releases/download/llvmorg-19.1.7/LLVM-19.1.7-win32.exe"
url_api = "https://api.github.com/repos/llvm/llvm-project/releases/assets/220580445"

[[tools."github:pnpm/pnpm"]]
version = "12.4.1"
backend = "github:pnpm/pnpm"
specifiers = ["12.4.1"]

[tools."github:pnpm/pnpm"."platforms.linux-arm64"]
checksum = "sha256:14f7a3e67d658d4ca8002c2aa0567f27dc5fe056a9f29f98ba7d2bfd6c81591b"
url = "https://github.com/pnpm/pnpm/releases/download/v12.4.1/pnpm-linux-arm64.tar.gz"
url_api = "https://api.github.com/repos/pnpm/pnpm/releases/assets/555427209"
provenance = "github-attestations"

[tools."github:pnpm/pnpm"."platforms.linux-x64"]
checksum = "sha256:66e9886299085dade56e203ae0e3586f35787f8801a68d33ec07ac17b0de2001"
url = "https://github.com/pnpm/pnpm/releases/download/v12.4.1/pnpm-linux-x64.tar.gz"
url_api = "https://api.github.com/repos/pnpm/pnpm/releases/assets/555427214"
provenance = "github-attestations"

[tools."github:pnpm/pnpm"."platforms.macos-arm64"]
checksum = "sha256:432fd151c10477630cf5c9f41209c2a7b75ac6dce7b2533a459519daf8954c52"
url = "https://github.com/pnpm/pnpm/releases/download/v12.4.1/pnpm-darwin-arm64.tar.gz"
url_api = "https://api.github.com/repos/pnpm/pnpm/releases/assets/555427216"
provenance = "github-attestations"

[tools."github:pnpm/pnpm"."platforms.macos-x64"]
checksum = "sha256:98921409db2f510ccc4eb521f9bfec51e3f1e809fd66717a062962f3b2a4cdea"
url = "https://github.com/pnpm/pnpm/releases/download/v12.4.1/pnpm-darwin-x64.tar.gz"
url_api = "https://api.github.com/repos/pnpm/pnpm/releases/assets/555427210"
provenance = "github-attestations"

[tools."github:pnpm/pnpm"."platforms.windows-x64"]
checksum = "sha256:356092adbd4f69670945ed24c7fca994ba4dd9fbaf23b028bb9708afd7bc676e"
url = "https://github.com/pnpm/pnpm/releases/download/v12.4.1/pnpm-win32-x64.zip"
url_api = "https://api.github.com/repos/pnpm/pnpm/releases/assets/555427213"
provenance = "github-attestations"

[[tools."github:rclone/rclone"]]
version = "1.70.3"
backend = "github:rclone/rclone"
specifiers = ["1.70.3"]

[tools."github:rclone/rclone"."platforms.linux-arm64"]
checksum = "sha256:1b08be34622f1f9bb9b069a85d036bba822b690790215c18a9418dbaf19505fe"
url = "https://github.com/rclone/rclone/releases/download/v1.70.3/rclone-v1.70.3-linux-arm64.zip"
url_api = "https://api.github.com/repos/rclone/rclone/releases/assets/271382258"

[tools."github:rclone/rclone"."platforms.linux-x64"]
checksum = "sha256:7d69057e69385f6514a9684c7eaa424d972096b130284bb34dd967c4ed4f9dad"
url = "https://github.com/rclone/rclone/releases/download/v1.70.3/rclone-v1.70.3-linux-amd64.zip"
url_api = "https://api.github.com/repos/rclone/rclone/releases/assets/271380706"

[tools."github:rclone/rclone"."platforms.macos-arm64"]
checksum = "sha256:14a9c5eb9f699a749470c898974412092eee204d74d3395486e3307c255021f7"
url = "https://github.com/rclone/rclone/releases/download/v1.70.3/rclone-v1.70.3-osx-arm64.zip"
url_api = "https://api.github.com/repos/rclone/rclone/releases/assets/271391209"

[tools."github:rclone/rclone"."platforms.macos-x64"]
checksum = "sha256:1616b25d5c5fd07a52498d09480a4fdbeb42e0d21cd3246d2d7df5dddd5ce35a"
url = "https://github.com/rclone/rclone/releases/download/v1.70.3/rclone-v1.70.3-osx-amd64.zip"
url_api = "https://api.github.com/repos/rclone/rclone/releases/assets/271390744"

[tools."github:rclone/rclone"."platforms.windows-x64"]
checksum = "sha256:1c75923b4d3f0b3d1faf16447a442b5aaed0cfc32997b3381eb96fd087603a30"
url = "https://github.com/rclone/rclone/releases/download/v1.70.3/rclone-v1.70.3-windows-amd64.zip"
url_api = "https://api.github.com/repos/rclone/rclone/releases/assets/271394046"

[[tools."github:rustwasm/wasm-bindgen"]]
version = "0.2.118"
backend = "github:rustwasm/wasm-bindgen"
specifiers = ["0.2.118"]

[tools."github:rustwasm/wasm-bindgen"."platforms.linux-arm64"]
checksum = "sha256:e8b75bf5055c189af5e4842bf7c58f616880fb8505a10f7cd575353a9f4e2dba"
url = "https://github.com/rustwasm/wasm-bindgen/releases/download/0.2.118/wasm-bindgen-0.2.118-aarch64-unknown-linux-gnu.tar.gz"
url_api = "https://api.github.com/repos/rustwasm/wasm-bindgen/releases/assets/393417763"

[tools."github:rustwasm/wasm-bindgen"."platforms.linux-x64"]
checksum = "sha256:00b519c9fc2d6e087265da1a00f29160bfcc6a823993482bc2e691910287427b"
url = "https://github.com/rustwasm/wasm-bindgen/releases/download/0.2.118/wasm-bindgen-0.2.118-x86_64-unknown-linux-musl.tar.gz"
url_api = "https://api.github.com/repos/rustwasm/wasm-bindgen/releases/assets/393417768"

[tools."github:rustwasm/wasm-bindgen"."platforms.macos-arm64"]
checksum = "sha256:f76553ae8d084dc3e96a7cef748813bf2dac4d78326166409328fc74646eef76"
url = "https://github.com/rustwasm/wasm-bindgen/releases/download/0.2.118/wasm-bindgen-0.2.118-aarch64-apple-darwin.tar.gz"
url_api = "https://api.github.com/repos/rustwasm/wasm-bindgen/releases/assets/393417765"

[tools."github:rustwasm/wasm-bindgen"."platforms.macos-x64"]
checksum = "sha256:2f1c1586c0b5bad9a25e6704825d6b1a9ccdd7c6830d57198645411545b566ad"
url = "https://github.com/rustwasm/wasm-bindgen/releases/download/0.2.118/wasm-bindgen-0.2.118-x86_64-apple-darwin.tar.gz"
url_api = "https://api.github.com/repos/rustwasm/wasm-bindgen/releases/assets/393417766"

[tools."github:rustwasm/wasm-bindgen"."platforms.windows-x64"]
checksum = "sha256:075902fd092f8e2a223783ccb73697f7a619bfa02e166d3b68319924a19d5a08"
url = "https://github.com/rustwasm/wasm-bindgen/releases/download/0.2.118/wasm-bindgen-0.2.118-x86_64-pc-windows-msvc.tar.gz"
url_api = "https://api.github.com/repos/rustwasm/wasm-bindgen/releases/assets/393417764"

[[tools.node]]
version = "24.18.0"
backend = "core:node"
specifiers = ["24.18.0"]

[tools.node."platforms.linux-arm64"]
checksum = "sha256:6b4484c2190274175df9aa8f28e2d758a819cb1c1fe6ab481e2f95b463ab8508"
url = "https://nodejs.org/dist/v24.18.0/node-v24.18.0-linux-arm64.tar.gz"

[tools.node."platforms.linux-x64"]
checksum = "sha256:783130984963db7ba9cbd01089eaf2c2efb055c7c1693c943174b967b3050cb8"
url = "https://nodejs.org/dist/v24.18.0/node-v24.18.0-linux-x64.tar.gz"

[tools.node."platforms.macos-arm64"]
checksum = "sha256:e1a97e14c99c803e96c7339403282ea05a499c32f8d83defe9ef5ec66f979ed1"
url = "https://nodejs.org/dist/v24.18.0/node-v24.18.0-darwin-arm64.tar.gz"

[tools.node."platforms.macos-x64"]
checksum = "sha256:dfd0dbd3e721503434df7b7205e719f61b3a3a31b2bcf9729b8b91fea240f080"
url = "https://nodejs.org/dist/v24.18.0/node-v24.18.0-darwin-x64.tar.gz"

[tools.node."platforms.windows-x64"]
checksum = "sha256:0ae68406b42d7725661da979b1403ec9926da205c6770827f33aac9d8f26e821"
url = "https://nodejs.org/dist/v24.18.0/node-v24.18.0-win-x64.zip"

[[tools.rust]]
version = "1.98.1"
backend = "core:rust"
specifiers = ["1.98.1"]
